// !$*UTF8*$!
{
	archiveVersion = 1;
	classes = {
	};
	objectVersion = 46;
	objects = {

/* Begin PBXBuildFile section */
		C2D97CE41CEEA7B900C83049 /* AppDelegate.swift in Sources */ = {isa = PBXBuildFile; fileRef = C2D97CE31CEEA7B900C83049 /* AppDelegate.swift */; };
		C2D97CE61CEEA7B900C83049 /* ViewController.swift in Sources */ = {isa = PBXBuildFile; fileRef = C2D97CE51CEEA7B900C83049 /* ViewController.swift */; };
		C2D97CE91CEEA7B900C83049 /* Main.storyboard in Resources */ = {isa = PBXBuildFile; fileRef = C2D97CE71CEEA7B900C83049 /* Main.storyboard */; };
		C2D97CEB1CEEA7B900C83049 /* Assets.xcassets in Resources */ = {isa = PBXBuildFile; fileRef = C2D97CEA1CEEA7B900C83049 /* Assets.xcassets */; };
		C2D97CEE1CEEA7B900C83049 /* LaunchScreen.storyboard in Resources */ = {isa = PBXBuildFile; fileRef = C2D97CEC1CEEA7B900C83049 /* LaunchScreen.storyboard */; };
		C2D97CF71CEEA80600C83049 /* STPDPopNotification.swift in Sources */ = {isa = PBXBuildFile; fileRef = C2D97CF61CEEA80600C83049 /* STPDPopNotification.swift */; };
/* End PBXBuildFile section */

/* Begin PBXFileReference section */
		C2D97CE01CEEA7B900C83049 /* STPDPopNotification.app */ = {isa = PBXFileReference; explicitFileType = wrapper.application; includeInIndex = 0; path = STPDPopNotification.app; sourceTree = BUILT_PRODUCTS_DIR; };
		C2D97CE31CEEA7B900C83049 /* AppDelegate.swift */ = {isa = PBXFileReference; lastKnownFileType = sourcecode.swift; path = AppDelegate.swift; sourceTree = "<group>"; };
		C2D97CE51CEEA7B900C83049 /* ViewController.swift */ = {isa = PBXFileReference; lastKnownFileType = sourcecode.swift; path = ViewController.swift; sourceTree = "<group>"; };
		C2D97CE81CEEA7B900C83049 /* Base */ = {isa = PBXFileReference; lastKnownFileType = file.storyboard; name = Base; path = Base.lproj/Main.storyboard; sourceTree = "<group>"; };
		C2D97CEA1CEEA7B900C83049 /* Assets.xcassets */ = {isa = PBXFileReference; lastKnownFileType = folder.assetcatalog; path = Assets.xcassets; sourceTree = "<group>"; };
		C2D97CED1CEEA7B900C83049 /* Base */ = {isa = PBXFileReference; lastKnownFileType = file.storyboard; name = Base; path = Base.lproj/LaunchScreen.storyboard; sourceTree = "<group>"; };
		C2D97CEF1CEEA7B900C83049 /* Info.plist */ = {isa = PBXFileReference; lastKnownFileType = text.plist.xml; path = Info.plist; sourceTree = "<group>"; };
		C2D97CF61CEEA80600C83049 /* STPDPopNotification.swift */ = {isa = PBXFileReference; fileEncoding = 4; lastKnownFileType = sourcecode.swift; path = STPDPopNotification.swift; sourceTree = "<group>"; };
/* End PBXFileReference section */

/* Begin PBXFrameworksBuildPhase section */
		C2D97CDD1CEEA7B900C83049 /* Frameworks */ = {
			isa = PBXFrameworksBuildPhase;
			buildActionMask = 2147483647;
			files = (
			);
			runOnlyForDeploymentPostprocessing = 0;
		};
/* End PBXFrameworksBuildPhase section */

/* Begin PBXGroup section */
		C2D97CD71CEEA7B900C83049 = {
			isa = PBXGroup;
			children = (
				C2D97CE21CEEA7B900C83049 /* STPDPopNotification */,
				C2D97CE11CEEA7B900C83049 /* Products */,
			);
			sourceTree = "<group>";
		};
		C2D97CE11CEEA7B900C83049 /* Products */ = {
			isa = PBXGroup;
			children = (
				C2D97CE01CEEA7B900C83049 /* STPDPopNotification.app */,
			);
			name = Products;
			sourceTree = "<group>";
		};
		C2D97CE21CEEA7B900C83049 /* STPDPopNotification */ = {
			isa = PBXGroup;
			children = (
				C2D97CE71CEEA7B900C83049 /* Main.storyboard */,
				C2D97CE51CEEA7B900C83049 /* ViewController.swift */,
				C2D97CF61CEEA80600C83049 /* STPDPopNotification.swift */,
				C2D97CF51CEEA7EB00C83049 /* Unused */,
			);
			path = STPDPopNotification;
			sourceTree = "<group>";
		};
		C2D97CF51CEEA7EB00C83049 /* Unused */ = {
			isa = PBXGroup;
			children = (
				C2D97CE31CEEA7B900C83049 /* AppDelegate.swift */,
				C2D97CEA1CEEA7B900C83049 /* Assets.xcassets */,
				C2D97CEC1CEEA7B900C83049 /* LaunchScreen.storyboard */,
				C2D97CEF1CEEA7B900C83049 /* Info.plist */,
			);
			name = Unused;
			sourceTree = "<group>";
		};
/* End PBXGroup section */

/* Begin PBXNativeTarget section */
		C2D97CDF1CEEA7B900C83049 /* STPDPopNotification */ = {
			isa = PBXNativeTarget;
			buildConfigurationList = C2D97CF21CEEA7B900C83049 /* Build configuration list for PBXNativeTarget "STPDPopNotification" */;
			buildPhases = (
				C2D97CDC1CEEA7B900C83049 /* Sources */,
				C2D97CDD1CEEA7B900C83049 /* Frameworks */,
				C2D97CDE1CEEA7B900C83049 /* Resources */,
			);
			buildRules = (
			);
			dependencies = (
			);
			name = STPDPopNotification;
			productName = STPDPopNotification;
			productReference = C2D97CE01CEEA7B900C83049 /* STPDPopNotification.app */;
			productType = "com.apple.product-type.application";
		};
/* End PBXNativeTarget section */

/* Begin PBXProject section */
		C2D97CD81CEEA7B900C83049 /* Project object */ = {
			isa = PBXProject;
			attributes = {
				LastSwiftUpdateCheck = 0730;
				LastUpgradeCheck = 0730;
				ORGANIZATIONNAME = "Chen Hao";
				TargetAttributes = {
					C2D97CDF1CEEA7B900C83049 = {
						CreatedOnToolsVersion = 7.3.1;
					};
				};
			};
			buildConfigurationList = C2D97CDB1CEEA7B900C83049 /* Build configuration list for PBXProject "STPDPopNotification" */;
			compatibilityVersion = "Xcode 3.2";
			developmentRegion = English;
			hasScannedForEncodings = 0;
			knownRegions = (
				en,
				Base,
			);
			mainGroup = C2D97CD71CEEA7B900C83049;
			productRefGroup = C2D97CE11CEEA7B900C83049 /* Products */;
			projectDirPath = "";
			projectRoot = "";
			targets = (
				C2D97CDF1CEEA7B900C83049 /* STPDPopNotification */,
			);
		};
/* End PBXProject section */

/* Begin PBXResourcesBuildPhase section */
		C2D97CDE1CEEA7B900C83049 /* Resources */ = {
			isa = PBXResourcesBuildPhase;
			buildActionMask = 2147483647;
			files = (
				C2D97CEE1CEEA7B900C83049 /* LaunchScreen.storyboard in Resources */,
				C2D97CEB1CEEA7B900C83049 /* Assets.xcassets in Resources */,
				C2D97CE91CEEA7B900C83049 /* Main.storyboard in Resources */,
			);
			runOnlyForDeploymentPostprocessing = 0;
		};
/* End PBXResourcesBuildPhase section */

/* Begin PBXSourcesBuildPhase section */
		C2D97CDC1CEEA7B900C83049 /* Sources */ = {
			isa = PBXSourcesBuildPhase;
			buildActionMask = 2147483647;
			files = (
				C2D97CF71CEEA80600C83049 /* STPDPopNotification.swift in Sources */,
				C2D97CE61CEEA7B900C83049 /* ViewController.swift in Sources */,
				C2D97CE41CEEA7B900C83049 /* AppDelegate.swift in Sources */,
			);
			runOnlyForDeploymentPostprocessing = 0;
		};
/* End PBXSourcesBuildPhase section */

/* Begin PBXVariantGroup section */
		C2D97CE71CEEA7B900C83049 /* Main.storyboard */ = {
			isa = PBXVariantGroup;
			children = (
				C2D97CE81CEEA7B900C83049 /* Base */,
			);
			name = Main.storyboard;
			sourceTree = "<group>";
		};
		C2D97CEC1CEEA7B900C83049 /* LaunchScreen.storyboard */ = {
			isa = PBXVariantGroup;
			children = (
				C2D97CED1CEEA7B900C83049 /* Base */,
			);
			name = LaunchScreen.storyboard;
			sourceTree = "<group>";
		};
/* End PBXVariantGroup section */

/* Begin XCBuildConfiguration section */
		C2D97CF01CEEA7B900C83049 /* Debug */ = {
			isa = XCBuildConfiguration;
			buildSettings = {
				ALWAYS_SEARCH_USER_PATHS = NO;
				CLANG_ANALYZER_NONNULL = YES;
				CLANG_CXX_LANGUAGE_STANDARD = "gnu++0x";
				CLANG_CXX_LIBRARY = "libc++";
				CLANG_ENABLE_MODULES = YES;
				CLANG_ENABLE_OBJC_ARC = YES;
				CLANG_WARN_BOOL_CONVERSION = YES;
				CLANG_WARN_CONSTANT_CONVERSION = YES;
				CLANG_WARN_DIRECT_OBJC_ISA_USAGE = YES_ERROR;
				CLANG_WARN_EMPTY_BODY = YES;
				CLANG_WARN_ENUM_CONVERSION = YES;
				CLANG_WARN_INT_CONVERSION = YES;
				CLANG_WARN_OBJC_ROOT_CLASS = YES_ERROR;
				CLANG_WARN_UNREACHABLE_CODE = YES;
				CLANG_WARN__DUPLICATE_METHOD_MATCH = YES;
				"CODE_SIGN_IDENTITY[sdk=iphoneos*]" = "iPhone Developer";
				COPY_PHASE_STRIP = NO;
				DEBUG_INFORMATION_FORMAT = dwarf;
				ENABLE_STRICT_OBJC_MSGSEND = YES;
				ENABLE_TESTABILITY = YES;
				GCC_C_LANGUAGE_STANDARD = gnu99;
				GCC_DYNAMIC_NO_PIC = NO;
				GCC_NO_COMMON_BLOCKS = YES;
				GCC_OPTIMIZATION_LEVEL = 0;
				GCC_PREPROCESSOR_DEFINITIONS = (
					"DEBUG=1",
					"$(inherited)",
				);
				GCC_WARN_64_TO_32_BIT_CONVERSION = YES;
				GCC_WARN_ABOUT_RETURN_TYPE = YES_ERROR;
				GCC_WARN_UNDECLARED_SELECTOR = YES;
				GCC_WARN_UNINITIALIZED_AUTOS = YES_AGGRESSIVE;
				GCC_WARN_UNUSED_FUNCTION = YES;
				GCC_WARN_UNUSED_VARIABLE = YES;
				IPHONEOS_DEPLOYMENT_TARGET = 9.3;
				MTL_ENABLE_DEBUG_INFO = YES;
				ONLY_ACTIVE_ARCH = YES;
				SDKROOT = iphoneos;
				SWIFT_OPTIMIZATION_LEVEL = "-Onone";
				TARGETED_DEVICE_FAMILY = "1,2";
			};
			name = Debug;
		};
		C2D97CF11CEEA7B900C83049 /* Release */ = {
			isa = XCBuildConfiguration;
			buildSettings = {
				ALWAYS_SEARCH_USER_PATHS = NO;
				CLANG_ANALYZER_NONNULL = YES;
				CLANG_CXX_LANGUAGE_STANDARD = "gnu++0x";
				CLANG_CXX_LIBRARY = "libc++";
				CLANG_ENABLE_MODULES = YES;
				CLANG_ENABLE_OBJC_ARC = YES;
				CLANG_WARN_BOOL_CONVERSION = YES;
				CLANG_WARN_CONSTANT_CONVERSION = YES;
				CLANG_WARN_DIRECT_OBJC_ISA_USAGE = YES_ERROR;
				CLANG_WARN_EMPTY_BODY = YES;
				CLANG_WARN_ENUM_CONVERSION = YES;
				CLANG_WARN_INT_CONVERSION = YES;
				CLANG_WARN_OBJC_ROOT_CLASS = YES_ERROR;
				CLANG_WARN_UNREACHABLE_CODE = YES;
				CLANG_WARN__DUPLICATE_METHOD_MATCH = YES;
				"CODE_SIGN_IDENTITY[sdk=iphoneos*]" = "iPhone Developer";
				COPY_PHASE_STRIP = NO;
				DEBUG_INFORMATION_FORMAT = "dwarf-with-dsym";
				ENABLE_NS_ASSERTIONS = NO;
				ENABLE_STRICT_OBJC_MSGSEND = YES;
				GCC_C_LANGUAGE_STANDARD = gnu99;
				GCC_NO_COMMON_BLOCKS = YES;
				GCC_WARN_64_TO_32_BIT_CONVERSION = YES;
				GCC_WARN_ABOUT_RETURN_TYPE = YES_ERROR;
				GCC_WARN_UNDECLARED_SELECTOR = YES;
				GCC_WARN_UNINITIALIZED_AUTOS = YES_AGGRESSIVE;
				GCC_WARN_UNUSED_FUNCTION = YES;
				GCC_WARN_UNUSED_VARIABLE = YES;
				IPHONEOS_DEPLOYMENT_TARGET = 9.3;
				MTL_ENABLE_DEBUG_INFO = NO;
				SDKROOT = iphoneos;
				TARGETED_DEVICE_FAMILY = "1,2";
				VALIDATE_PRODUCT = YES;
			};
			name = Release;
		};
		C2D97CF31CEEA7B900C83049 /* Debug */ = {
			isa = XCBuildConfiguration;
			buildSettings = {
				ASSETCATALOG_COMPILER_APPICON_NAME = AppIcon;
				INFOPLIST_FILE = STPDPopNotification/Info.plist;
				IPHONEOS_DEPLOYMENT_TARGET = 8.0;
				LD_RUNPATH_SEARCH_PATHS = "$(inherited) @executable_path/Frameworks";
				PRODUCT_BUNDLE_IDENTIFIER = com.ChenHao.STPDPopNotification;
				PRODUCT_NAME = "$(TARGET_NAME)";
			};
			name = Debug;
		};
		C2D97CF41CEEA7B900C83049 /* Release */ = {
			isa = XCBuildConfiguration;
			buildSettings = {
				ASSETCATALOG_COMPILER_APPICON_NAME = AppIcon;
				INFOPLIST_FILE = STPDPopNotification/Info.plist;
				IPHONEOS_DEPLOYMENT_TARGET = 8.0;
				LD_RUNPATH_SEARCH_PATHS = "$(inherited) @executable_path/Frameworks";
				PRODUCT_BUNDLE_IDENTIFIER = com.ChenHao.STPDPopNotification;
				PRODUCT_NAME = "$(TARGET_NAME)";
			};
			name = Release;
		};
/* End XCBuildConfiguration section */

/* Begin XCConfigurationList section */
		C2D97CDB1CEEA7B900C83049 /* Build configuration list for PBXProject "STPDPopNotification" */ = {
			isa = XCConfigurationList;
			buildConfigurations = (
				C2D97CF01CEEA7B900C83049 /* Debug */,
				C2D97CF11CEEA7B900C83049 /* Release */,
			);
			defaultConfigurationIsVisible = 0;
			defaultConfigurationName = Release;
		};
		C2D97CF21CEEA7B900C83049 /* Build configuration list for PBXNativeTarget "STPDPopNotification" */ = {
			isa = XCConfigurationList;
			buildConfigurations = (
				C2D97CF31CEEA7B900C83049 /* Debug */,
				C2D97CF41CEEA7B900C83049 /* Release */,
			);
			defaultConfigurationIsVisible = 0;
			defaultConfigurationName = Release;
		};
/* End XCConfigurationList section */
	};
	rootObject = C2D97CD81CEEA7B900C83049 /* Project object */;
}
